
Microsoft Visual Studio Solution File, Format Version 12.00
# Visual Studio Version 17
VisualStudioVersion = 17.9.34723.18
MinimumVisualStudioVersion = 10.0.40219.1
Project("{FAE04EC0-301F-11D3-BF4B-00C04F79EFBC}") = "Project_120_L_11", "Project_120_L_11.csproj", "{F008E3EB-C4E5-4FE8-8D1A-B082213BFA9F}"
EndProject
Global
	GlobalSection(SolutionConfigurationPlatforms) = preSolution
		Debug|Any CPU = Debug|Any CPU
		Release|Any CPU = Release|Any CPU
	EndGlobalSection
	GlobalSection(ProjectConfigurationPlatforms) = postSolution
		{F008E3EB-C4E5-4FE8-8D1A-B082213BFA9F}.Debug|Any CPU.ActiveCfg = Debug|Any CPU
		{F008E3EB-C4E5-4FE8-8D1A-B082213BFA9F}.Debug|Any CPU.Build.0 = Debug|Any CPU
		{F008E3EB-C4E5-4FE8-8D1A-B082213BFA9F}.Release|Any CPU.ActiveCfg = Release|Any CPU
		{F008E3EB-C4E5-4FE8-8D1A-B082213BFA9F}.Release|Any CPU.Build.0 = Release|Any CPU
	EndGlobalSection
	GlobalSection(SolutionProperties) = preSolution
		HideSolutionNode = FALSE
	EndGlobalSection
	GlobalSection(ExtensibilityGlobals) = postSolution
		SolutionGuid = {893E6D06-4089-436E-8F8A-B3AF41838B2F}
	EndGlobalSection
EndGlobal
